{
  "requires": true,
  "lockfileVersion": 1,
  "dependencies": {
    "ckh-palindrome": {
      "version": "0.1.0",
      "resolved": "https://registry.npmjs.org/ckh-palindrome/-/ckh-palindrome-0.1.0.tgz",
      "integrity": "sha512-3gQx5yVX6zzxU6M/sel49c6JObS7dWa7ay/ImLesqf6vY6Bq95tA2ldDGOFpFbIgb6uxAgOOzk2d/jmaiLqT8A=="
    }
  }
}
